// !$*UTF8*$!
{
	archiveVersion = 1;
	classes = {
	};
	objectVersion = 56;
	objects = {

/* Begin PBXBuildFile section */
		B533EB262CF59F07000A39DB /* AppDelegate.swift in Sources */ = {isa = PBXBuildFile; fileRef = B533EB252CF59F07000A39DB /* AppDelegate.swift */; };
		B533EB282CF59F07000A39DB /* SceneDelegate.swift in Sources */ = {isa = PBXBuildFile; fileRef = B533EB272CF59F07000A39DB /* SceneDelegate.swift */; };
		B533EB2D2CF59F07000A39DB /* Main.storyboard in Resources */ = {isa = PBXBuildFile; fileRef = B533EB2B2CF59F07000A39DB /* Main.storyboard */; };
		B533EB2F2CF59F09000A39DB /* Assets.xcassets in Resources */ = {isa = PBXBuildFile; fileRef = B533EB2E2CF59F09000A39DB /* Assets.xcassets */; };
		B533EB322CF59F09000A39DB /* LaunchScreen.storyboard in Resources */ = {isa = PBXBuildFile; fileRef = B533EB302CF59F09000A39DB /* LaunchScreen.storyboard */; };
		B533EB3E2CF5A3A4000A39DB /* ConversationVC.swift in Sources */ = {isa = PBXBuildFile; fileRef = B533EB3D2CF5A3A4000A39DB /* ConversationVC.swift */; };
		B533EB402CF5A3EF000A39DB /* ColorAssets.xcassets in Resources */ = {isa = PBXBuildFile; fileRef = B533EB3F2CF5A3EF000A39DB /* ColorAssets.xcassets */; };
		B533EB422CF5AC81000A39DB /* LoginVC.swift in Sources */ = {isa = PBXBuildFile; fileRef = B533EB412CF5AC81000A39DB /* LoginVC.swift */; };
		B533EB442CF5AC97000A39DB /* RegisterVC.swift in Sources */ = {isa = PBXBuildFile; fileRef = B533EB432CF5AC97000A39DB /* RegisterVC.swift */; };
		B533EB462CF5ACC7000A39DB /* PhotoViewerVC.swift in Sources */ = {isa = PBXBuildFile; fileRef = B533EB452CF5ACC7000A39DB /* PhotoViewerVC.swift */; };
		B533EB482CF5ACDC000A39DB /* VideoViewerVC.swift in Sources */ = {isa = PBXBuildFile; fileRef = B533EB472CF5ACDC000A39DB /* VideoViewerVC.swift */; };
		B533EB4A2CF5AD24000A39DB /* NewConversationVC.swift in Sources */ = {isa = PBXBuildFile; fileRef = B533EB492CF5AD24000A39DB /* NewConversationVC.swift */; };
		B533EB4C2CF5ADB4000A39DB /* ProfileVC.swift in Sources */ = {isa = PBXBuildFile; fileRef = B533EB4B2CF5ADB4000A39DB /* ProfileVC.swift */; };
		B533EB4F2CF5CA62000A39DB /* AppString.swift in Sources */ = {isa = PBXBuildFile; fileRef = B533EB4E2CF5CA62000A39DB /* AppString.swift */; };
		B533EB512CF5D509000A39DB /* BorderStyle.swift in Sources */ = {isa = PBXBuildFile; fileRef = B533EB502CF5D509000A39DB /* BorderStyle.swift */; };
		B55E9FEA2D040C4800080842 /* GoogleService-Info.plist in Resources */ = {isa = PBXBuildFile; fileRef = B55E9FE92D040C4800080842 /* GoogleService-Info.plist */; };
		B55E9FEC2D041E4600080842 /* DatabaseManager.swift in Sources */ = {isa = PBXBuildFile; fileRef = B55E9FEB2D041E4600080842 /* DatabaseManager.swift */; };
		B56243902D030ACA0093831F /* FirebaseAuth in Frameworks */ = {isa = PBXBuildFile; productRef = B562438F2D030ACA0093831F /* FirebaseAuth */; };
		B56243922D030ACA0093831F /* FirebaseDatabase in Frameworks */ = {isa = PBXBuildFile; productRef = B56243912D030ACA0093831F /* FirebaseDatabase */; };
		B56243942D030ACA0093831F /* FirebaseFirestore in Frameworks */ = {isa = PBXBuildFile; productRef = B56243932D030ACA0093831F /* FirebaseFirestore */; };
		B56243962D030ACA0093831F /* FirebaseMessaging in Frameworks */ = {isa = PBXBuildFile; productRef = B56243952D030ACA0093831F /* FirebaseMessaging */; };
		B56243982D030ACA0093831F /* FirebaseStorage in Frameworks */ = {isa = PBXBuildFile; productRef = B56243972D030ACA0093831F /* FirebaseStorage */; };
		B562CA6D2CF6DE4C00306C7D /* Dashboard.storyboard in Resources */ = {isa = PBXBuildFile; fileRef = B562CA6C2CF6DE4C00306C7D /* Dashboard.storyboard */; };
		B57CA03A2CF8391400E68580 /* UIColorExtensions.swift in Sources */ = {isa = PBXBuildFile; fileRef = B57CA0392CF8391400E68580 /* UIColorExtensions.swift */; };
		B57CA03C2CF83B0000E68580 /* UIViewExtension.swift in Sources */ = {isa = PBXBuildFile; fileRef = B57CA03B2CF83B0000E68580 /* UIViewExtension.swift */; };
		B5844D7C2D045AC000A40F97 /* ChatViewController.swift in Sources */ = {isa = PBXBuildFile; fileRef = B5844D7B2D045AC000A40F97 /* ChatViewController.swift */; };
		B5844D7E2D045F9000A40F97 /* ScreenType.swift in Sources */ = {isa = PBXBuildFile; fileRef = B5844D7D2D045F9000A40F97 /* ScreenType.swift */; };
		B5844D802D04602200A40F97 /* UIViews.swift in Sources */ = {isa = PBXBuildFile; fileRef = B5844D7F2D04602200A40F97 /* UIViews.swift */; };
/* End PBXBuildFile section */

/* Begin PBXFileReference section */
		B533EB222CF59F07000A39DB /* ChitChatApp.app */ = {isa = PBXFileReference; explicitFileType = wrapper.application; includeInIndex = 0; path = ChitChatApp.app; sourceTree = BUILT_PRODUCTS_DIR; };
		B533EB252CF59F07000A39DB /* AppDelegate.swift */ = {isa = PBXFileReference; lastKnownFileType = sourcecode.swift; path = AppDelegate.swift; sourceTree = "<group>"; };
		B533EB272CF59F07000A39DB /* SceneDelegate.swift */ = {isa = PBXFileReference; lastKnownFileType = sourcecode.swift; path = SceneDelegate.swift; sourceTree = "<group>"; };
		B533EB2C2CF59F07000A39DB /* Base */ = {isa = PBXFileReference; lastKnownFileType = file.storyboard; name = Base; path = Base.lproj/Main.storyboard; sourceTree = "<group>"; };
		B533EB2E2CF59F09000A39DB /* Assets.xcassets */ = {isa = PBXFileReference; lastKnownFileType = folder.assetcatalog; path = Assets.xcassets; sourceTree = "<group>"; };
		B533EB312CF59F09000A39DB /* Base */ = {isa = PBXFileReference; lastKnownFileType = file.storyboard; name = Base; path = Base.lproj/LaunchScreen.storyboard; sourceTree = "<group>"; };
		B533EB332CF59F09000A39DB /* Info.plist */ = {isa = PBXFileReference; lastKnownFileType = text.plist.xml; path = Info.plist; sourceTree = "<group>"; };
		B533EB3D2CF5A3A4000A39DB /* ConversationVC.swift */ = {isa = PBXFileReference; lastKnownFileType = sourcecode.swift; path = ConversationVC.swift; sourceTree = "<group>"; };
		B533EB3F2CF5A3EF000A39DB /* ColorAssets.xcassets */ = {isa = PBXFileReference; lastKnownFileType = folder.assetcatalog; path = ColorAssets.xcassets; sourceTree = "<group>"; };
		B533EB412CF5AC81000A39DB /* LoginVC.swift */ = {isa = PBXFileReference; lastKnownFileType = sourcecode.swift; path = LoginVC.swift; sourceTree = "<group>"; };
		B533EB432CF5AC97000A39DB /* RegisterVC.swift */ = {isa = PBXFileReference; lastKnownFileType = sourcecode.swift; path = RegisterVC.swift; sourceTree = "<group>"; };
		B533EB452CF5ACC7000A39DB /* PhotoViewerVC.swift */ = {isa = PBXFileReference; lastKnownFileType = sourcecode.swift; path = PhotoViewerVC.swift; sourceTree = "<group>"; };
		B533EB472CF5ACDC000A39DB /* VideoViewerVC.swift */ = {isa = PBXFileReference; lastKnownFileType = sourcecode.swift; path = VideoViewerVC.swift; sourceTree = "<group>"; };
		B533EB492CF5AD24000A39DB /* NewConversationVC.swift */ = {isa = PBXFileReference; lastKnownFileType = sourcecode.swift; path = NewConversationVC.swift; sourceTree = "<group>"; };
		B533EB4B2CF5ADB4000A39DB /* ProfileVC.swift */ = {isa = PBXFileReference; lastKnownFileType = sourcecode.swift; path = ProfileVC.swift; sourceTree = "<group>"; };
		B533EB4E2CF5CA62000A39DB /* AppString.swift */ = {isa = PBXFileReference; lastKnownFileType = sourcecode.swift; path = AppString.swift; sourceTree = "<group>"; };
		B533EB502CF5D509000A39DB /* BorderStyle.swift */ = {isa = PBXFileReference; lastKnownFileType = sourcecode.swift; path = BorderStyle.swift; sourceTree = "<group>"; };
		B55E9FE92D040C4800080842 /* GoogleService-Info.plist */ = {isa = PBXFileReference; fileEncoding = 4; lastKnownFileType = text.plist.xml; path = "GoogleService-Info.plist"; sourceTree = "<group>"; };
		B55E9FEB2D041E4600080842 /* DatabaseManager.swift */ = {isa = PBXFileReference; lastKnownFileType = sourcecode.swift; path = DatabaseManager.swift; sourceTree = "<group>"; };
		B562CA6C2CF6DE4C00306C7D /* Dashboard.storyboard */ = {isa = PBXFileReference; lastKnownFileType = file.storyboard; path = Dashboard.storyboard; sourceTree = "<group>"; };
		B57CA0392CF8391400E68580 /* UIColorExtensions.swift */ = {isa = PBXFileReference; lastKnownFileType = sourcecode.swift; path = UIColorExtensions.swift; sourceTree = "<group>"; };
		B57CA03B2CF83B0000E68580 /* UIViewExtension.swift */ = {isa = PBXFileReference; lastKnownFileType = sourcecode.swift; path = UIViewExtension.swift; sourceTree = "<group>"; };
		B5844D7B2D045AC000A40F97 /* ChatViewController.swift */ = {isa = PBXFileReference; lastKnownFileType = sourcecode.swift; path = ChatViewController.swift; sourceTree = "<group>"; };
		B5844D7D2D045F9000A40F97 /* ScreenType.swift */ = {isa = PBXFileReference; lastKnownFileType = sourcecode.swift; path = ScreenType.swift; sourceTree = "<group>"; };
		B5844D7F2D04602200A40F97 /* UIViews.swift */ = {isa = PBXFileReference; lastKnownFileType = sourcecode.swift; path = UIViews.swift; sourceTree = "<group>"; };
/* End PBXFileReference section */

/* Begin PBXFrameworksBuildPhase section */
		B533EB1F2CF59F07000A39DB /* Frameworks */ = {
			isa = PBXFrameworksBuildPhase;
			buildActionMask = 2147483647;
			files = (
				B56243962D030ACA0093831F /* FirebaseMessaging in Frameworks */,
				B56243922D030ACA0093831F /* FirebaseDatabase in Frameworks */,
				B56243902D030ACA0093831F /* FirebaseAuth in Frameworks */,
				B56243982D030ACA0093831F /* FirebaseStorage in Frameworks */,
				B56243942D030ACA0093831F /* FirebaseFirestore in Frameworks */,
			);
			runOnlyForDeploymentPostprocessing = 0;
		};
/* End PBXFrameworksBuildPhase section */

/* Begin PBXGroup section */
		B533EB192CF59F07000A39DB = {
			isa = PBXGroup;
			children = (
				B533EB242CF59F07000A39DB /* ChitChatApp */,
				B533EB232CF59F07000A39DB /* Products */,
			);
			sourceTree = "<group>";
		};
		B533EB232CF59F07000A39DB /* Products */ = {
			isa = PBXGroup;
			children = (
				B533EB222CF59F07000A39DB /* ChitChatApp.app */,
			);
			name = Products;
			sourceTree = "<group>";
		};
		B533EB242CF59F07000A39DB /* ChitChatApp */ = {
			isa = PBXGroup;
			children = (
				B55E9FE92D040C4800080842 /* GoogleService-Info.plist */,
				B55E9FED2D041E6200080842 /* Models */,
				B57CA0382CF838FD00E68580 /* App Extensions */,
				B533EB522CF5D516000A39DB /* Border */,
				B533EB4D2CF5CA4D000A39DB /* AppString */,
				B533EB392CF5A2F7000A39DB /* Common */,
				B533EB3A2CF5A308000A39DB /* Controller */,
				B533EB3B2CF5A323000A39DB /* View */,
				B533EB3C2CF5A339000A39DB /* AppAssets */,
				B533EB302CF59F09000A39DB /* LaunchScreen.storyboard */,
				B533EB332CF59F09000A39DB /* Info.plist */,
			);
			path = ChitChatApp;
			sourceTree = "<group>";
		};
		B533EB392CF5A2F7000A39DB /* Common */ = {
			isa = PBXGroup;
			children = (
				B533EB252CF59F07000A39DB /* AppDelegate.swift */,
				B533EB272CF59F07000A39DB /* SceneDelegate.swift */,
			);
			path = Common;
			sourceTree = "<group>";
		};
		B533EB3A2CF5A308000A39DB /* Controller */ = {
			isa = PBXGroup;
			children = (
				B533EB3D2CF5A3A4000A39DB /* ConversationVC.swift */,
				B562CA6E2CF6E32900306C7D /* Auth */,
				B55E9FEE2D0444E600080842 /* Dashboard */,
				B533EB452CF5ACC7000A39DB /* PhotoViewerVC.swift */,
				B533EB472CF5ACDC000A39DB /* VideoViewerVC.swift */,
				B533EB492CF5AD24000A39DB /* NewConversationVC.swift */,
			);
			path = Controller;
			sourceTree = "<group>";
		};
		B533EB3B2CF5A323000A39DB /* View */ = {
			isa = PBXGroup;
			children = (
				B533EB2B2CF59F07000A39DB /* Main.storyboard */,
				B562CA6C2CF6DE4C00306C7D /* Dashboard.storyboard */,
			);
			path = View;
			sourceTree = "<group>";
		};
		B533EB3C2CF5A339000A39DB /* AppAssets */ = {
			isa = PBXGroup;
			children = (
				B533EB2E2CF59F09000A39DB /* Assets.xcassets */,
				B533EB3F2CF5A3EF000A39DB /* ColorAssets.xcassets */,
			);
			path = AppAssets;
			sourceTree = "<group>";
		};
		B533EB4D2CF5CA4D000A39DB /* AppString */ = {
			isa = PBXGroup;
			children = (
				B533EB4E2CF5CA62000A39DB /* AppString.swift */,
				B5844D7D2D045F9000A40F97 /* ScreenType.swift */,
			);
			path = AppString;
			sourceTree = "<group>";
		};
		B533EB522CF5D516000A39DB /* Border */ = {
			isa = PBXGroup;
			children = (
				B533EB502CF5D509000A39DB /* BorderStyle.swift */,
			);
			path = Border;
			sourceTree = "<group>";
		};
		B55E9FED2D041E6200080842 /* Models */ = {
			isa = PBXGroup;
			children = (
				B55E9FEB2D041E4600080842 /* DatabaseManager.swift */,
			);
			path = Models;
			sourceTree = "<group>";
		};
		B55E9FEE2D0444E600080842 /* Dashboard */ = {
			isa = PBXGroup;
			children = (
				B5844D7B2D045AC000A40F97 /* ChatViewController.swift */,
				B533EB4B2CF5ADB4000A39DB /* ProfileVC.swift */,
			);
			path = Dashboard;
			sourceTree = "<group>";
		};
		B562CA6E2CF6E32900306C7D /* Auth */ = {
			isa = PBXGroup;
			children = (
				B533EB412CF5AC81000A39DB /* LoginVC.swift */,
				B533EB432CF5AC97000A39DB /* RegisterVC.swift */,
			);
			path = Auth;
			sourceTree = "<group>";
		};
		B57CA0382CF838FD00E68580 /* App Extensions */ = {
			isa = PBXGroup;
			children = (
				B57CA0392CF8391400E68580 /* UIColorExtensions.swift */,
				B57CA03B2CF83B0000E68580 /* UIViewExtension.swift */,
				B5844D7F2D04602200A40F97 /* UIViews.swift */,
			);
			path = "App Extensions";
			sourceTree = "<group>";
		};
/* End PBXGroup section */

/* Begin PBXNativeTarget section */
		B533EB212CF59F07000A39DB /* ChitChatApp */ = {
			isa = PBXNativeTarget;
			buildConfigurationList = B533EB362CF59F09000A39DB /* Build configuration list for PBXNativeTarget "ChitChatApp" */;
			buildPhases = (
				B533EB1E2CF59F07000A39DB /* Sources */,
				B533EB1F2CF59F07000A39DB /* Frameworks */,
				B533EB202CF59F07000A39DB /* Resources */,
			);
			buildRules = (
			);
			dependencies = (
			);
			name = ChitChatApp;
			packageProductDependencies = (
				B562438F2D030ACA0093831F /* FirebaseAuth */,
				B56243912D030ACA0093831F /* FirebaseDatabase */,
				B56243932D030ACA0093831F /* FirebaseFirestore */,
				B56243952D030ACA0093831F /* FirebaseMessaging */,
				B56243972D030ACA0093831F /* FirebaseStorage */,
			);
			productName = ChitChatApp;
			productReference = B533EB222CF59F07000A39DB /* ChitChatApp.app */;
			productType = "com.apple.product-type.application";
		};
/* End PBXNativeTarget section */

/* Begin PBXProject section */
		B533EB1A2CF59F07000A39DB /* Project object */ = {
			isa = PBXProject;
			attributes = {
				BuildIndependentTargetsInParallel = 1;
				LastSwiftUpdateCheck = 1400;
				LastUpgradeCheck = 1400;
				TargetAttributes = {
					B533EB212CF59F07000A39DB = {
						CreatedOnToolsVersion = 14.0;
					};
				};
			};
			buildConfigurationList = B533EB1D2CF59F07000A39DB /* Build configuration list for PBXProject "ChitChatApp" */;
			compatibilityVersion = "Xcode 14.0";
			developmentRegion = en;
			hasScannedForEncodings = 0;
			knownRegions = (
				en,
				Base,
			);
			mainGroup = B533EB192CF59F07000A39DB;
			packageReferences = (
				B562438E2D030ACA0093831F /* XCRemoteSwiftPackageReference "firebase-ios-sdk" */,
			);
			productRefGroup = B533EB232CF59F07000A39DB /* Products */;
			projectDirPath = "";
			projectRoot = "";
			targets = (
				B533EB212CF59F07000A39DB /* ChitChatApp */,
			);
		};
/* End PBXProject section */

/* Begin PBXResourcesBuildPhase section */
		B533EB202CF59F07000A39DB /* Resources */ = {
			isa = PBXResourcesBuildPhase;
			buildActionMask = 2147483647;
			files = (
				B533EB322CF59F09000A39DB /* LaunchScreen.storyboard in Resources */,
				B562CA6D2CF6DE4C00306C7D /* Dashboard.storyboard in Resources */,
				B533EB2F2CF59F09000A39DB /* Assets.xcassets in Resources */,
				B533EB402CF5A3EF000A39DB /* ColorAssets.xcassets in Resources */,
				B533EB2D2CF59F07000A39DB /* Main.storyboard in Resources */,
				B55E9FEA2D040C4800080842 /* GoogleService-Info.plist in Resources */,
			);
			runOnlyForDeploymentPostprocessing = 0;
		};
/* End PBXResourcesBuildPhase section */

/* Begin PBXSourcesBuildPhase section */
		B533EB1E2CF59F07000A39DB /* Sources */ = {
			isa = PBXSourcesBuildPhase;
			buildActionMask = 2147483647;
			files = (
				B533EB512CF5D509000A39DB /* BorderStyle.swift in Sources */,
				B533EB4A2CF5AD24000A39DB /* NewConversationVC.swift in Sources */,
				B533EB3E2CF5A3A4000A39DB /* ConversationVC.swift in Sources */,
				B57CA03A2CF8391400E68580 /* UIColorExtensions.swift in Sources */,
				B533EB262CF59F07000A39DB /* AppDelegate.swift in Sources */,
				B533EB4C2CF5ADB4000A39DB /* ProfileVC.swift in Sources */,
				B5844D802D04602200A40F97 /* UIViews.swift in Sources */,
				B55E9FEC2D041E4600080842 /* DatabaseManager.swift in Sources */,
				B533EB422CF5AC81000A39DB /* LoginVC.swift in Sources */,
				B533EB462CF5ACC7000A39DB /* PhotoViewerVC.swift in Sources */,
				B533EB4F2CF5CA62000A39DB /* AppString.swift in Sources */,
				B57CA03C2CF83B0000E68580 /* UIViewExtension.swift in Sources */,
				B533EB282CF59F07000A39DB /* SceneDelegate.swift in Sources */,
				B533EB442CF5AC97000A39DB /* RegisterVC.swift in Sources */,
				B5844D7E2D045F9000A40F97 /* ScreenType.swift in Sources */,
				B5844D7C2D045AC000A40F97 /* ChatViewController.swift in Sources */,
				B533EB482CF5ACDC000A39DB /* VideoViewerVC.swift in Sources */,
			);
			runOnlyForDeploymentPostprocessing = 0;
		};
/* End PBXSourcesBuildPhase section */

/* Begin PBXVariantGroup section */
		B533EB2B2CF59F07000A39DB /* Main.storyboard */ = {
			isa = PBXVariantGroup;
			children = (
				B533EB2C2CF59F07000A39DB /* Base */,
			);
			name = Main.storyboard;
			sourceTree = "<group>";
		};
		B533EB302CF59F09000A39DB /* LaunchScreen.storyboard */ = {
			isa = PBXVariantGroup;
			children = (
				B533EB312CF59F09000A39DB /* Base */,
			);
			name = LaunchScreen.storyboard;
			sourceTree = "<group>";
		};
/* End PBXVariantGroup section */

/* Begin XCBuildConfiguration section */
		B533EB342CF59F09000A39DB /* Debug */ = {
			isa = XCBuildConfiguration;
			buildSettings = {
				ALWAYS_SEARCH_USER_PATHS = NO;
				CLANG_ANALYZER_NONNULL = YES;
				CLANG_ANALYZER_NUMBER_OBJECT_CONVERSION = YES_AGGRESSIVE;
				CLANG_CXX_LANGUAGE_STANDARD = "gnu++20";
				CLANG_ENABLE_MODULES = YES;
				CLANG_ENABLE_OBJC_ARC = YES;
				CLANG_ENABLE_OBJC_WEAK = YES;
				CLANG_WARN_BLOCK_CAPTURE_AUTORELEASING = YES;
				CLANG_WARN_BOOL_CONVERSION = YES;
				CLANG_WARN_COMMA = YES;
				CLANG_WARN_CONSTANT_CONVERSION = YES;
				CLANG_WARN_DEPRECATED_OBJC_IMPLEMENTATIONS = YES;
				CLANG_WARN_DIRECT_OBJC_ISA_USAGE = YES_ERROR;
				CLANG_WARN_DOCUMENTATION_COMMENTS = YES;
				CLANG_WARN_EMPTY_BODY = YES;
				CLANG_WARN_ENUM_CONVERSION = YES;
				CLANG_WARN_INFINITE_RECURSION = YES;
				CLANG_WARN_INT_CONVERSION = YES;
				CLANG_WARN_NON_LITERAL_NULL_CONVERSION = YES;
				CLANG_WARN_OBJC_IMPLICIT_RETAIN_SELF = YES;
				CLANG_WARN_OBJC_LITERAL_CONVERSION = YES;
				CLANG_WARN_OBJC_ROOT_CLASS = YES_ERROR;
				CLANG_WARN_QUOTED_INCLUDE_IN_FRAMEWORK_HEADER = YES;
				CLANG_WARN_RANGE_LOOP_ANALYSIS = YES;
				CLANG_WARN_STRICT_PROTOTYPES = YES;
				CLANG_WARN_SUSPICIOUS_MOVE = YES;
				CLANG_WARN_UNGUARDED_AVAILABILITY = YES_AGGRESSIVE;
				CLANG_WARN_UNREACHABLE_CODE = YES;
				CLANG_WARN__DUPLICATE_METHOD_MATCH = YES;
				COPY_PHASE_STRIP = NO;
				DEBUG_INFORMATION_FORMAT = dwarf;
				ENABLE_STRICT_OBJC_MSGSEND = YES;
				ENABLE_TESTABILITY = YES;
				GCC_C_LANGUAGE_STANDARD = gnu11;
				GCC_DYNAMIC_NO_PIC = NO;
				GCC_NO_COMMON_BLOCKS = YES;
				GCC_OPTIMIZATION_LEVEL = 0;
				GCC_PREPROCESSOR_DEFINITIONS = (
					"DEBUG=1",
					"$(inherited)",
				);
				GCC_WARN_64_TO_32_BIT_CONVERSION = YES;
				GCC_WARN_ABOUT_RETURN_TYPE = YES_ERROR;
				GCC_WARN_UNDECLARED_SELECTOR = YES;
				GCC_WARN_UNINITIALIZED_AUTOS = YES_AGGRESSIVE;
				GCC_WARN_UNUSED_FUNCTION = YES;
				GCC_WARN_UNUSED_VARIABLE = YES;
				IPHONEOS_DEPLOYMENT_TARGET = 16.0;
				MTL_ENABLE_DEBUG_INFO = INCLUDE_SOURCE;
				MTL_FAST_MATH = YES;
				ONLY_ACTIVE_ARCH = YES;
				SDKROOT = iphoneos;
				SWIFT_ACTIVE_COMPILATION_CONDITIONS = DEBUG;
				SWIFT_OPTIMIZATION_LEVEL = "-Onone";
			};
			name = Debug;
		};
		B533EB352CF59F09000A39DB /* Release */ = {
			isa = XCBuildConfiguration;
			buildSettings = {
				ALWAYS_SEARCH_USER_PATHS = NO;
				CLANG_ANALYZER_NONNULL = YES;
				CLANG_ANALYZER_NUMBER_OBJECT_CONVERSION = YES_AGGRESSIVE;
				CLANG_CXX_LANGUAGE_STANDARD = "gnu++20";
				CLANG_ENABLE_MODULES = YES;
				CLANG_ENABLE_OBJC_ARC = YES;
				CLANG_ENABLE_OBJC_WEAK = YES;
				CLANG_WARN_BLOCK_CAPTURE_AUTORELEASING = YES;
				CLANG_WARN_BOOL_CONVERSION = YES;
				CLANG_WARN_COMMA = YES;
				CLANG_WARN_CONSTANT_CONVERSION = YES;
				CLANG_WARN_DEPRECATED_OBJC_IMPLEMENTATIONS = YES;
				CLANG_WARN_DIRECT_OBJC_ISA_USAGE = YES_ERROR;
				CLANG_WARN_DOCUMENTATION_COMMENTS = YES;
				CLANG_WARN_EMPTY_BODY = YES;
				CLANG_WARN_ENUM_CONVERSION = YES;
				CLANG_WARN_INFINITE_RECURSION = YES;
				CLANG_WARN_INT_CONVERSION = YES;
				CLANG_WARN_NON_LITERAL_NULL_CONVERSION = YES;
				CLANG_WARN_OBJC_IMPLICIT_RETAIN_SELF = YES;
				CLANG_WARN_OBJC_LITERAL_CONVERSION = YES;
				CLANG_WARN_OBJC_ROOT_CLASS = YES_ERROR;
				CLANG_WARN_QUOTED_INCLUDE_IN_FRAMEWORK_HEADER = YES;
				CLANG_WARN_RANGE_LOOP_ANALYSIS = YES;
				CLANG_WARN_STRICT_PROTOTYPES = YES;
				CLANG_WARN_SUSPICIOUS_MOVE = YES;
				CLANG_WARN_UNGUARDED_AVAILABILITY = YES_AGGRESSIVE;
				CLANG_WARN_UNREACHABLE_CODE = YES;
				CLANG_WARN__DUPLICATE_METHOD_MATCH = YES;
				COPY_PHASE_STRIP = NO;
				DEBUG_INFORMATION_FORMAT = "dwarf-with-dsym";
				ENABLE_NS_ASSERTIONS = NO;
				ENABLE_STRICT_OBJC_MSGSEND = YES;
				GCC_C_LANGUAGE_STANDARD = gnu11;
				GCC_NO_COMMON_BLOCKS = YES;
				GCC_WARN_64_TO_32_BIT_CONVERSION = YES;
				GCC_WARN_ABOUT_RETURN_TYPE = YES_ERROR;
				GCC_WARN_UNDECLARED_SELECTOR = YES;
				GCC_WARN_UNINITIALIZED_AUTOS = YES_AGGRESSIVE;
				GCC_WARN_UNUSED_FUNCTION = YES;
				GCC_WARN_UNUSED_VARIABLE = YES;
				IPHONEOS_DEPLOYMENT_TARGET = 16.0;
				MTL_ENABLE_DEBUG_INFO = NO;
				MTL_FAST_MATH = YES;
				SDKROOT = iphoneos;
				SWIFT_COMPILATION_MODE = wholemodule;
				SWIFT_OPTIMIZATION_LEVEL = "-O";
				VALIDATE_PRODUCT = YES;
			};
			name = Release;
		};
		B533EB372CF59F09000A39DB /* Debug */ = {
			isa = XCBuildConfiguration;
			buildSettings = {
				ASSETCATALOG_COMPILER_APPICON_NAME = AppIcon;
				ASSETCATALOG_COMPILER_GLOBAL_ACCENT_COLOR_NAME = AccentColor;
				CODE_SIGN_STYLE = Automatic;
				CURRENT_PROJECT_VERSION = 1;
				GENERATE_INFOPLIST_FILE = YES;
				INFOPLIST_FILE = ChitChatApp/Info.plist;
				INFOPLIST_KEY_UIApplicationSupportsIndirectInputEvents = YES;
				INFOPLIST_KEY_UILaunchStoryboardName = LaunchScreen;
				INFOPLIST_KEY_UIMainStoryboardFile = Main;
				INFOPLIST_KEY_UISupportedInterfaceOrientations = UIInterfaceOrientationPortrait;
				LD_RUNPATH_SEARCH_PATHS = (
					"$(inherited)",
					"@executable_path/Frameworks",
				);
				MARKETING_VERSION = 1.0;
				PRODUCT_BUNDLE_IDENTIFIER = com.TheDataVue.ChitChatApp;
				PRODUCT_NAME = "$(TARGET_NAME)";
				SWIFT_EMIT_LOC_STRINGS = YES;
				SWIFT_VERSION = 5.0;
				TARGETED_DEVICE_FAMILY = "1,2";
			};
			name = Debug;
		};
		B533EB382CF59F09000A39DB /* Release */ = {
			isa = XCBuildConfiguration;
			buildSettings = {
				ASSETCATALOG_COMPILER_APPICON_NAME = AppIcon;
				ASSETCATALOG_COMPILER_GLOBAL_ACCENT_COLOR_NAME = AccentColor;
				CODE_SIGN_STYLE = Automatic;
				CURRENT_PROJECT_VERSION = 1;
				GENERATE_INFOPLIST_FILE = YES;
				INFOPLIST_FILE = ChitChatApp/Info.plist;
				INFOPLIST_KEY_UIApplicationSupportsIndirectInputEvents = YES;
				INFOPLIST_KEY_UILaunchStoryboardName = LaunchScreen;
				INFOPLIST_KEY_UIMainStoryboardFile = Main;
				INFOPLIST_KEY_UISupportedInterfaceOrientations = UIInterfaceOrientationPortrait;
				LD_RUNPATH_SEARCH_PATHS = (
					"$(inherited)",
					"@executable_path/Frameworks",
				);
				MARKETING_VERSION = 1.0;
				PRODUCT_BUNDLE_IDENTIFIER = com.TheDataVue.ChitChatApp;
				PRODUCT_NAME = "$(TARGET_NAME)";
				SWIFT_EMIT_LOC_STRINGS = YES;
				SWIFT_VERSION = 5.0;
				TARGETED_DEVICE_FAMILY = "1,2";
			};
			name = Release;
		};
/* End XCBuildConfiguration section */

/* Begin XCConfigurationList section */
		B533EB1D2CF59F07000A39DB /* Build configuration list for PBXProject "ChitChatApp" */ = {
			isa = XCConfigurationList;
			buildConfigurations = (
				B533EB342CF59F09000A39DB /* Debug */,
				B533EB352CF59F09000A39DB /* Release */,
			);
			defaultConfigurationIsVisible = 0;
			defaultConfigurationName = Release;
		};
		B533EB362CF59F09000A39DB /* Build configuration list for PBXNativeTarget "ChitChatApp" */ = {
			isa = XCConfigurationList;
			buildConfigurations = (
				B533EB372CF59F09000A39DB /* Debug */,
				B533EB382CF59F09000A39DB /* Release */,
			);
			defaultConfigurationIsVisible = 0;
			defaultConfigurationName = Release;
		};
/* End XCConfigurationList section */

/* Begin XCRemoteSwiftPackageReference section */
		B562438E2D030ACA0093831F /* XCRemoteSwiftPackageReference "firebase-ios-sdk" */ = {
			isa = XCRemoteSwiftPackageReference;
			repositoryURL = "https://github.com/firebase/firebase-ios-sdk.git";
			requirement = {
				kind = upToNextMajorVersion;
				minimumVersion = 9.0.0;
			};
		};
/* End XCRemoteSwiftPackageReference section */

/* Begin XCSwiftPackageProductDependency section */
		B562438F2D030ACA0093831F /* FirebaseAuth */ = {
			isa = XCSwiftPackageProductDependency;
			package = B562438E2D030ACA0093831F /* XCRemoteSwiftPackageReference "firebase-ios-sdk" */;
			productName = FirebaseAuth;
		};
		B56243912D030ACA0093831F /* FirebaseDatabase */ = {
			isa = XCSwiftPackageProductDependency;
			package = B562438E2D030ACA0093831F /* XCRemoteSwiftPackageReference "firebase-ios-sdk" */;
			productName = FirebaseDatabase;
		};
		B56243932D030ACA0093831F /* FirebaseFirestore */ = {
			isa = XCSwiftPackageProductDependency;
			package = B562438E2D030ACA0093831F /* XCRemoteSwiftPackageReference "firebase-ios-sdk" */;
			productName = FirebaseFirestore;
		};
		B56243952D030ACA0093831F /* FirebaseMessaging */ = {
			isa = XCSwiftPackageProductDependency;
			package = B562438E2D030ACA0093831F /* XCRemoteSwiftPackageReference "firebase-ios-sdk" */;
			productName = FirebaseMessaging;
		};
		B56243972D030ACA0093831F /* FirebaseStorage */ = {
			isa = XCSwiftPackageProductDependency;
			package = B562438E2D030ACA0093831F /* XCRemoteSwiftPackageReference "firebase-ios-sdk" */;
			productName = FirebaseStorage;
		};
/* End XCSwiftPackageProductDependency section */
	};
	rootObject = B533EB1A2CF59F07000A39DB /* Project object */;
}
